// !$*UTF8*$!
{
	archiveVersion = 1;
	classes = {
	};
	objectVersion = 46;
	objects = {

/* Begin PBXBuildFile section */
		1D60589F0D05DD5A006BFB54 /* Foundation.framework in Frameworks */ = {isa = PBXBuildFile; fileRef = 1D30AB110D05D00D00671497 /* Foundation.framework */; };
		1DF5F4E00D08C38300B7A737 /* UIKit.framework in Frameworks */ = {isa = PBXBuildFile; fileRef = 1DF5F4DF0D08C38300B7A737 /* UIKit.framework */; };
		288765FD0DF74451002DB57D /* CoreGraphics.framework in Frameworks */ = {isa = PBXBuildFile; fileRef = 288765FC0DF74451002DB57D /* CoreGraphics.framework */; };
		5326AEA810A23A0500278DE6 /* CoreLocation.framework in Frameworks */ = {isa = PBXBuildFile; fileRef = 5326AEA710A23A0500278DE6 /* CoreLocation.framework */; };
		53F323EB10A20EDB00E0DAE4 /* OpenAL.framework in Frameworks */ = {isa = PBXBuildFile; fileRef = 53F323EA10A20EDB00E0DAE4 /* OpenAL.framework */; };
		678E130817951530005B6D19 /* Icon@2x.png in Resources */ = {isa = PBXBuildFile; fileRef = 678E130717951530005B6D19 /* Icon@2x.png */; };
		678E130A17951536005B6D19 /* Icon.png in Resources */ = {isa = PBXBuildFile; fileRef = 678E130917951536005B6D19 /* Icon.png */; };
		678E130C1795153C005B6D19 /* Default.png in Resources */ = {isa = PBXBuildFile; fileRef = 678E130B1795153C005B6D19 /* Default.png */; };
		678E130E17951540005B6D19 /* Default@2x.png in Resources */ = {isa = PBXBuildFile; fileRef = 678E130D17951540005B6D19 /* Default@2x.png */; };
		678E131017951549005B6D19 /* Default-568h@2x~iphone.png in Resources */ = {isa = PBXBuildFile; fileRef = 678E130F17951549005B6D19 /* Default-568h@2x~iphone.png */; };
		8C561909190FF2810021C9EC /* SaveUIImage.mm in Sources */ = {isa = PBXBuildFile; fileRef = 8C561908190FF2810021C9EC /* SaveUIImage.mm */; };
		8C57D9C118FD266E0025E3EB /* shoot01.png in Resources */ = {isa = PBXBuildFile; fileRef = 8C57D9BD18FD266E0025E3EB /* shoot01.png */; };
		8C57D9C218FD266E0025E3EB /* shoot02.png in Resources */ = {isa = PBXBuildFile; fileRef = 8C57D9BE18FD266E0025E3EB /* shoot02.png */; };
		8C57D9C318FD266E0025E3EB /* shoot03.png in Resources */ = {isa = PBXBuildFile; fileRef = 8C57D9BF18FD266E0025E3EB /* shoot03.png */; };
		8C57D9C418FD266E0025E3EB /* shoot04.png in Resources */ = {isa = PBXBuildFile; fileRef = 8C57D9C018FD266E0025E3EB /* shoot04.png */; };
		8C68AA1518FD515100C83C56 /* ofxBaseGui.cpp in Sources */ = {isa = PBXBuildFile; fileRef = 8C68AA0418FD515100C83C56 /* ofxBaseGui.cpp */; };
		8C68AA1618FD515100C83C56 /* ofxButton.cpp in Sources */ = {isa = PBXBuildFile; fileRef = 8C68AA0618FD515100C83C56 /* ofxButton.cpp */; };
		8C68AA1718FD515100C83C56 /* ofxGuiGroup.cpp in Sources */ = {isa = PBXBuildFile; fileRef = 8C68AA0918FD515100C83C56 /* ofxGuiGroup.cpp */; };
		8C68AA1818FD515100C83C56 /* ofxLabel.cpp in Sources */ = {isa = PBXBuildFile; fileRef = 8C68AA0B18FD515100C83C56 /* ofxLabel.cpp */; };
		8C68AA1918FD515100C83C56 /* ofxPanel.cpp in Sources */ = {isa = PBXBuildFile; fileRef = 8C68AA0D18FD515100C83C56 /* ofxPanel.cpp */; };
		8C68AA1A18FD515100C83C56 /* ofxSlider.cpp in Sources */ = {isa = PBXBuildFile; fileRef = 8C68AA0F18FD515100C83C56 /* ofxSlider.cpp */; };
		8C68AA1B18FD515100C83C56 /* ofxSliderGroup.cpp in Sources */ = {isa = PBXBuildFile; fileRef = 8C68AA1118FD515100C83C56 /* ofxSliderGroup.cpp */; };
		8C68AA1C18FD515100C83C56 /* ofxToggle.cpp in Sources */ = {isa = PBXBuildFile; fileRef = 8C68AA1318FD515100C83C56 /* ofxToggle.cpp */; };
		8CB5B0F91907768800CE3E5D /* back_button.png in Resources */ = {isa = PBXBuildFile; fileRef = 8CB5B0EC1907768800CE3E5D /* back_button.png */; };
		8CB5B0FA1907768800CE3E5D /* camera_button.png in Resources */ = {isa = PBXBuildFile; fileRef = 8CB5B0EE1907768800CE3E5D /* camera_button.png */; };
		8CB5B0FB1907768800CE3E5D /* save_button.png in Resources */ = {isa = PBXBuildFile; fileRef = 8CB5B0EF1907768800CE3E5D /* save_button.png */; };
		8CB5B0FC1907768800CE3E5D /* thumb_button.png in Resources */ = {isa = PBXBuildFile; fileRef = 8CB5B0F01907768800CE3E5D /* thumb_button.png */; };
		8CB5B0FD1907768800CE3E5D /* camera_bar.png in Resources */ = {isa = PBXBuildFile; fileRef = 8CB5B0F21907768800CE3E5D /* camera_bar.png */; };
		8CB5B0FE1907768800CE3E5D /* camera_button.png in Resources */ = {isa = PBXBuildFile; fileRef = 8CB5B0F31907768800CE3E5D /* camera_button.png */; };
		8CB5B0FF1907768800CE3E5D /* mix_button.png in Resources */ = {isa = PBXBuildFile; fileRef = 8CB5B0F41907768800CE3E5D /* mix_button.png */; };
		8CB5B1001907768800CE3E5D /* filter_off_button.png in Resources */ = {isa = PBXBuildFile; fileRef = 8CB5B0F61907768800CE3E5D /* filter_off_button.png */; };
		8CB5B1011907768800CE3E5D /* filter_on_button.png in Resources */ = {isa = PBXBuildFile; fileRef = 8CB5B0F71907768800CE3E5D /* filter_on_button.png */; };
		8CB5B1021907768800CE3E5D /* save_button.png in Resources */ = {isa = PBXBuildFile; fileRef = 8CB5B0F81907768800CE3E5D /* save_button.png */; };
		8CB5B1071907952700CE3E5D /* library_bar.png in Resources */ = {isa = PBXBuildFile; fileRef = 8CB5B1041907952700CE3E5D /* library_bar.png */; };
		8CB5B1081907952700CE3E5D /* make_bar.png in Resources */ = {isa = PBXBuildFile; fileRef = 8CB5B1051907952700CE3E5D /* make_bar.png */; };
		8CB5B1091907952700CE3E5D /* mixcan_logo.png in Resources */ = {isa = PBXBuildFile; fileRef = 8CB5B1061907952700CE3E5D /* mixcan_logo.png */; };
		8CB5B10B1907E68000CE3E5D /* camera_button_2.png in Resources */ = {isa = PBXBuildFile; fileRef = 8CB5B10A1907E68000CE3E5D /* camera_button_2.png */; };
		8CB5B112190A08D600CE3E5D /* PostInstagram.mm in Sources */ = {isa = PBXBuildFile; fileRef = 8CB5B111190A08D600CE3E5D /* PostInstagram.mm */; };
		8CB5B114190A35D100CE3E5D /* 2014-04-13 17.31.24.jpg in Resources */ = {isa = PBXBuildFile; fileRef = 8CB5B113190A35D100CE3E5D /* 2014-04-13 17.31.24.jpg */; };
		8CBBC75B18E966C8002438CF /* .gitkeep in Resources */ = {isa = PBXBuildFile; fileRef = 8CBBC74B18E966C8002438CF /* .gitkeep */; };
		8CBBC75C18E966C8002438CF /* Default-568h@2x~iphone.png in Resources */ = {isa = PBXBuildFile; fileRef = 8CBBC74C18E966C8002438CF /* Default-568h@2x~iphone.png */; };
		8CBBC75D18E966C8002438CF /* Default.png in Resources */ = {isa = PBXBuildFile; fileRef = 8CBBC74D18E966C8002438CF /* Default.png */; };
		8CBBC75E18E966C8002438CF /* Default@2x.png in Resources */ = {isa = PBXBuildFile; fileRef = 8CBBC74E18E966C8002438CF /* Default@2x.png */; };
		8CBBC75F18E966C8002438CF /* Default@2x~ipad.png in Resources */ = {isa = PBXBuildFile; fileRef = 8CBBC74F18E966C8002438CF /* Default@2x~ipad.png */; };
		8CBBC76018E966C8002438CF /* Default@2x~iphone.png in Resources */ = {isa = PBXBuildFile; fileRef = 8CBBC75018E966C8002438CF /* Default@2x~iphone.png */; };
		8CBBC76118E966C8002438CF /* Default~ipad.png in Resources */ = {isa = PBXBuildFile; fileRef = 8CBBC75118E966C8002438CF /* Default~ipad.png */; };
		8CBBC76218E966C8002438CF /* Default~iphone.png in Resources */ = {isa = PBXBuildFile; fileRef = 8CBBC75218E966C8002438CF /* Default~iphone.png */; };
		8CBBC76318E966C8002438CF /* Icon-72.png in Resources */ = {isa = PBXBuildFile; fileRef = 8CBBC75318E966C8002438CF /* Icon-72.png */; };
		8CBBC76418E966C8002438CF /* Icon-72@2x.png in Resources */ = {isa = PBXBuildFile; fileRef = 8CBBC75418E966C8002438CF /* Icon-72@2x.png */; };
		8CBBC76518E966C8002438CF /* Icon.png in Resources */ = {isa = PBXBuildFile; fileRef = 8CBBC75518E966C8002438CF /* Icon.png */; };
		8CBBC76618E966C8002438CF /* Icon@2x.png in Resources */ = {isa = PBXBuildFile; fileRef = 8CBBC75618E966C8002438CF /* Icon@2x.png */; };
		BB16EBD20F2B2A9500518274 /* OpenGLES.framework in Frameworks */ = {isa = PBXBuildFile; fileRef = BB16EBD10F2B2A9500518274 /* OpenGLES.framework */; };
		BB16EBD90F2B2AB500518274 /* QuartzCore.framework in Frameworks */ = {isa = PBXBuildFile; fileRef = BB16EBD80F2B2AB500518274 /* QuartzCore.framework */; };
		BBE5EAB80F49AD8400F28951 /* AudioToolbox.framework in Frameworks */ = {isa = PBXBuildFile; fileRef = BBE5EAB70F49AD8400F28951 /* AudioToolbox.framework */; };
		E41D3ED713B38FB500A75A5D /* Project.xcconfig in Resources */ = {isa = PBXBuildFile; fileRef = E41D3ED613B38FB500A75A5D /* Project.xcconfig */; };
		E41D3EE613B3906D00A75A5D /* CoreOF.xcconfig in Resources */ = {isa = PBXBuildFile; fileRef = E41D3EE513B3906D00A75A5D /* CoreOF.xcconfig */; };
		E41D400B13B39D2100A75A5D /* AVFoundation.framework in Frameworks */ = {isa = PBXBuildFile; fileRef = E41D400613B39D2100A75A5D /* AVFoundation.framework */; };
		E41D400C13B39D2100A75A5D /* CoreMedia.framework in Frameworks */ = {isa = PBXBuildFile; fileRef = E41D400713B39D2100A75A5D /* CoreMedia.framework */; };
		E41D400D13B39D2100A75A5D /* CoreVideo.framework in Frameworks */ = {isa = PBXBuildFile; fileRef = E41D400813B39D2100A75A5D /* CoreVideo.framework */; };
		E41D400E13B39D2100A75A5D /* MapKit.framework in Frameworks */ = {isa = PBXBuildFile; fileRef = E41D400913B39D2100A75A5D /* MapKit.framework */; };
		E41D421413B3A95300A75A5D /* libofxiOS_iphoneos_Debug.a in Frameworks */ = {isa = PBXBuildFile; fileRef = E41D410213B3A0D800A75A5D /* libofxiOS_iphoneos_Debug.a */; };
		E4A823A412561BE3002F86A2 /* CoreGraphics.framework in Frameworks */ = {isa = PBXBuildFile; fileRef = E4A823A312561BE3002F86A2 /* CoreGraphics.framework */; };
		E4D8936E11527B74007E1F53 /* main.mm in Sources */ = {isa = PBXBuildFile; fileRef = E4D8936B11527B74007E1F53 /* main.mm */; };
		E4D8936F11527B74007E1F53 /* testApp.mm in Sources */ = {isa = PBXBuildFile; fileRef = E4D8936D11527B74007E1F53 /* testApp.mm */; };
/* End PBXBuildFile section */

/* Begin PBXContainerItemProxy section */
		E41D410113B3A0D800A75A5D /* PBXContainerItemProxy */ = {
			isa = PBXContainerItemProxy;
			containerPortal = E41D40FD13B3A0D800A75A5D /* iOS+OFLib.xcodeproj */;
			proxyType = 2;
			remoteGlobalIDString = BB24DED610DA7A3F00E9C588;
			remoteInfo = "iPhone+OF Static Library";
		};
		E41D410313B3A11300A75A5D /* PBXContainerItemProxy */ = {
			isa = PBXContainerItemProxy;
			containerPortal = E41D40FD13B3A0D800A75A5D /* iOS+OFLib.xcodeproj */;
			proxyType = 1;
			remoteGlobalIDString = BB24DE5C10DA7A3F00E9C588;
			remoteInfo = "iPhone+OF Static Library";
		};
/* End PBXContainerItemProxy section */

/* Begin PBXFileReference section */
		1D30AB110D05D00D00671497 /* Foundation.framework */ = {isa = PBXFileReference; lastKnownFileType = wrapper.framework; name = Foundation.framework; path = System/Library/Frameworks/Foundation.framework; sourceTree = SDKROOT; };
		1D6058910D05DD3D006BFB54 /* emptyExample.app */ = {isa = PBXFileReference; explicitFileType = wrapper.application; includeInIndex = 0; path = emptyExample.app; sourceTree = BUILT_PRODUCTS_DIR; };
		1DF5F4DF0D08C38300B7A737 /* UIKit.framework */ = {isa = PBXFileReference; lastKnownFileType = wrapper.framework; name = UIKit.framework; path = System/Library/Frameworks/UIKit.framework; sourceTree = SDKROOT; };
		288765FC0DF74451002DB57D /* CoreGraphics.framework */ = {isa = PBXFileReference; lastKnownFileType = wrapper.framework; name = CoreGraphics.framework; path = System/Library/Frameworks/CoreGraphics.framework; sourceTree = SDKROOT; };
		32CA4F630368D1EE00C91783 /* ofxiOS_Prefix.pch */ = {isa = PBXFileReference; fileEncoding = 4; lastKnownFileType = sourcecode.c.h; path = ofxiOS_Prefix.pch; sourceTree = "<group>"; };
		5326AEA710A23A0500278DE6 /* CoreLocation.framework */ = {isa = PBXFileReference; lastKnownFileType = wrapper.framework; name = CoreLocation.framework; path = System/Library/Frameworks/CoreLocation.framework; sourceTree = SDKROOT; };
		53F323EA10A20EDB00E0DAE4 /* OpenAL.framework */ = {isa = PBXFileReference; lastKnownFileType = wrapper.framework; name = OpenAL.framework; path = System/Library/Frameworks/OpenAL.framework; sourceTree = SDKROOT; };
		678E130717951530005B6D19 /* Icon@2x.png */ = {isa = PBXFileReference; lastKnownFileType = image.png; name = "Icon@2x.png"; path = "bin/data/Icon@2x.png"; sourceTree = "<group>"; };
		678E130917951536005B6D19 /* Icon.png */ = {isa = PBXFileReference; lastKnownFileType = image.png; name = Icon.png; path = bin/data/Icon.png; sourceTree = "<group>"; };
		678E130B1795153C005B6D19 /* Default.png */ = {isa = PBXFileReference; lastKnownFileType = image.png; name = Default.png; path = bin/data/Default.png; sourceTree = "<group>"; };
		678E130D17951540005B6D19 /* Default@2x.png */ = {isa = PBXFileReference; lastKnownFileType = image.png; name = "Default@2x.png"; path = "bin/data/Default@2x.png"; sourceTree = "<group>"; };
		678E130F17951549005B6D19 /* Default-568h@2x~iphone.png */ = {isa = PBXFileReference; lastKnownFileType = image.png; name = "Default-568h@2x~iphone.png"; path = "bin/data/Default-568h@2x~iphone.png"; sourceTree = "<group>"; };
		8C561907190FF2810021C9EC /* SaveUIImage.h */ = {isa = PBXFileReference; fileEncoding = 4; lastKnownFileType = sourcecode.c.h; path = SaveUIImage.h; sourceTree = "<group>"; };
		8C561908190FF2810021C9EC /* SaveUIImage.mm */ = {isa = PBXFileReference; fileEncoding = 4; lastKnownFileType = sourcecode.cpp.objcpp; path = SaveUIImage.mm; sourceTree = "<group>"; };
		8C57D9BD18FD266E0025E3EB /* shoot01.png */ = {isa = PBXFileReference; lastKnownFileType = image.png; path = shoot01.png; sourceTree = "<group>"; };
		8C57D9BE18FD266E0025E3EB /* shoot02.png */ = {isa = PBXFileReference; lastKnownFileType = image.png; path = shoot02.png; sourceTree = "<group>"; };
		8C57D9BF18FD266E0025E3EB /* shoot03.png */ = {isa = PBXFileReference; lastKnownFileType = image.png; path = shoot03.png; sourceTree = "<group>"; };
		8C57D9C018FD266E0025E3EB /* shoot04.png */ = {isa = PBXFileReference; lastKnownFileType = image.png; path = shoot04.png; sourceTree = "<group>"; };
		8C68AA0418FD515100C83C56 /* ofxBaseGui.cpp */ = {isa = PBXFileReference; fileEncoding = 4; lastKnownFileType = sourcecode.cpp.cpp; path = ofxBaseGui.cpp; sourceTree = "<group>"; };
		8C68AA0518FD515100C83C56 /* ofxBaseGui.h */ = {isa = PBXFileReference; fileEncoding = 4; lastKnownFileType = sourcecode.c.h; path = ofxBaseGui.h; sourceTree = "<group>"; };
		8C68AA0618FD515100C83C56 /* ofxButton.cpp */ = {isa = PBXFileReference; fileEncoding = 4; lastKnownFileType = sourcecode.cpp.cpp; path = ofxButton.cpp; sourceTree = "<group>"; };
		8C68AA0718FD515100C83C56 /* ofxButton.h */ = {isa = PBXFileReference; fileEncoding = 4; lastKnownFileType = sourcecode.c.h; path = ofxButton.h; sourceTree = "<group>"; };
		8C68AA0818FD515100C83C56 /* ofxGui.h */ = {isa = PBXFileReference; fileEncoding = 4; lastKnownFileType = sourcecode.c.h; path = ofxGui.h; sourceTree = "<group>"; };
		8C68AA0918FD515100C83C56 /* ofxGuiGroup.cpp */ = {isa = PBXFileReference; fileEncoding = 4; lastKnownFileType = sourcecode.cpp.cpp; path = ofxGuiGroup.cpp; sourceTree = "<group>"; };
		8C68AA0A18FD515100C83C56 /* ofxGuiGroup.h */ = {isa = PBXFileReference; fileEncoding = 4; lastKnownFileType = sourcecode.c.h; path = ofxGuiGroup.h; sourceTree = "<group>"; };
		8C68AA0B18FD515100C83C56 /* ofxLabel.cpp */ = {isa = PBXFileReference; fileEncoding = 4; lastKnownFileType = sourcecode.cpp.cpp; path = ofxLabel.cpp; sourceTree = "<group>"; };
		8C68AA0C18FD515100C83C56 /* ofxLabel.h */ = {isa = PBXFileReference; fileEncoding = 4; lastKnownFileType = sourcecode.c.h; path = ofxLabel.h; sourceTree = "<group>"; };
		8C68AA0D18FD515100C83C56 /* ofxPanel.cpp */ = {isa = PBXFileReference; fileEncoding = 4; lastKnownFileType = sourcecode.cpp.cpp; path = ofxPanel.cpp; sourceTree = "<group>"; };
		8C68AA0E18FD515100C83C56 /* ofxPanel.h */ = {isa = PBXFileReference; fileEncoding = 4; lastKnownFileType = sourcecode.c.h; path = ofxPanel.h; sourceTree = "<group>"; };
		8C68AA0F18FD515100C83C56 /* ofxSlider.cpp */ = {isa = PBXFileReference; fileEncoding = 4; lastKnownFileType = sourcecode.cpp.cpp; path = ofxSlider.cpp; sourceTree = "<group>"; };
		8C68AA1018FD515100C83C56 /* ofxSlider.h */ = {isa = PBXFileReference; fileEncoding = 4; lastKnownFileType = sourcecode.c.h; path = ofxSlider.h; sourceTree = "<group>"; };
		8C68AA1118FD515100C83C56 /* ofxSliderGroup.cpp */ = {isa = PBXFileReference; fileEncoding = 4; lastKnownFileType = sourcecode.cpp.cpp; path = ofxSliderGroup.cpp; sourceTree = "<group>"; };
		8C68AA1218FD515100C83C56 /* ofxSliderGroup.h */ = {isa = PBXFileReference; fileEncoding = 4; lastKnownFileType = sourcecode.c.h; path = ofxSliderGroup.h; sourceTree = "<group>"; };
		8C68AA1318FD515100C83C56 /* ofxToggle.cpp */ = {isa = PBXFileReference; fileEncoding = 4; lastKnownFileType = sourcecode.cpp.cpp; path = ofxToggle.cpp; sourceTree = "<group>"; };
		8C68AA1418FD515100C83C56 /* ofxToggle.h */ = {isa = PBXFileReference; fileEncoding = 4; lastKnownFileType = sourcecode.c.h; path = ofxToggle.h; sourceTree = "<group>"; };
		8CB5B0E01900E98100CE3E5D /* Globals.h */ = {isa = PBXFileReference; lastKnownFileType = sourcecode.c.h; path = Globals.h; sourceTree = "<group>"; };
		8CB5B0EC1907768800CE3E5D /* back_button.png */ = {isa = PBXFileReference; lastKnownFileType = image.png; path = back_button.png; sourceTree = "<group>"; };
		8CB5B0EE1907768800CE3E5D /* camera_button.png */ = {isa = PBXFileReference; lastKnownFileType = image.png; path = camera_button.png; sourceTree = "<group>"; };
		8CB5B0EF1907768800CE3E5D /* save_button.png */ = {isa = PBXFileReference; lastKnownFileType = image.png; path = save_button.png; sourceTree = "<group>"; };
		8CB5B0F01907768800CE3E5D /* thumb_button.png */ = {isa = PBXFileReference; lastKnownFileType = image.png; path = thumb_button.png; sourceTree = "<group>"; };
		8CB5B0F21907768800CE3E5D /* camera_bar.png */ = {isa = PBXFileReference; lastKnownFileType = image.png; path = camera_bar.png; sourceTree = "<group>"; };
		8CB5B0F31907768800CE3E5D /* camera_button.png */ = {isa = PBXFileReference; lastKnownFileType = image.png; path = camera_button.png; sourceTree = "<group>"; };
		8CB5B0F41907768800CE3E5D /* mix_button.png */ = {isa = PBXFileReference; lastKnownFileType = image.png; path = mix_button.png; sourceTree = "<group>"; };
		8CB5B0F61907768800CE3E5D /* filter_off_button.png */ = {isa = PBXFileReference; lastKnownFileType = image.png; path = filter_off_button.png; sourceTree = "<group>"; };
		8CB5B0F71907768800CE3E5D /* filter_on_button.png */ = {isa = PBXFileReference; lastKnownFileType = image.png; path = filter_on_button.png; sourceTree = "<group>"; };
		8CB5B0F81907768800CE3E5D /* save_button.png */ = {isa = PBXFileReference; lastKnownFileType = image.png; path = save_button.png; sourceTree = "<group>"; };
		8CB5B1041907952700CE3E5D /* library_bar.png */ = {isa = PBXFileReference; lastKnownFileType = image.png; path = library_bar.png; sourceTree = "<group>"; };
		8CB5B1051907952700CE3E5D /* make_bar.png */ = {isa = PBXFileReference; lastKnownFileType = image.png; path = make_bar.png; sourceTree = "<group>"; };
		8CB5B1061907952700CE3E5D /* mixcan_logo.png */ = {isa = PBXFileReference; lastKnownFileType = image.png; path = mixcan_logo.png; sourceTree = "<group>"; };
		8CB5B10A1907E68000CE3E5D /* camera_button_2.png */ = {isa = PBXFileReference; lastKnownFileType = image.png; path = camera_button_2.png; sourceTree = "<group>"; };
		8CB5B110190A08D600CE3E5D /* PostInstagram.h */ = {isa = PBXFileReference; fileEncoding = 4; lastKnownFileType = sourcecode.c.h; path = PostInstagram.h; sourceTree = "<group>"; };
		8CB5B111190A08D600CE3E5D /* PostInstagram.mm */ = {isa = PBXFileReference; fileEncoding = 4; lastKnownFileType = sourcecode.cpp.objcpp; path = PostInstagram.mm; sourceTree = "<group>"; };
		8CB5B113190A35D100CE3E5D /* 2014-04-13 17.31.24.jpg */ = {isa = PBXFileReference; lastKnownFileType = image.jpeg; path = "2014-04-13 17.31.24.jpg"; sourceTree = "<group>"; };
		8CBBC74B18E966C8002438CF /* .gitkeep */ = {isa = PBXFileReference; fileEncoding = 4; lastKnownFileType = text; path = .gitkeep; sourceTree = "<group>"; };
		8CBBC74C18E966C8002438CF /* Default-568h@2x~iphone.png */ = {isa = PBXFileReference; lastKnownFileType = image.png; path = "Default-568h@2x~iphone.png"; sourceTree = "<group>"; };
		8CBBC74D18E966C8002438CF /* Default.png */ = {isa = PBXFileReference; lastKnownFileType = image.png; path = Default.png; sourceTree = "<group>"; };
		8CBBC74E18E966C8002438CF /* Default@2x.png */ = {isa = PBXFileReference; lastKnownFileType = image.png; path = "Default@2x.png"; sourceTree = "<group>"; };
		8CBBC74F18E966C8002438CF /* Default@2x~ipad.png */ = {isa = PBXFileReference; lastKnownFileType = image.png; path = "Default@2x~ipad.png"; sourceTree = "<group>"; };
		8CBBC75018E966C8002438CF /* Default@2x~iphone.png */ = {isa = PBXFileReference; lastKnownFileType = image.png; path = "Default@2x~iphone.png"; sourceTree = "<group>"; };
		8CBBC75118E966C8002438CF /* Default~ipad.png */ = {isa = PBXFileReference; lastKnownFileType = image.png; path = "Default~ipad.png"; sourceTree = "<group>"; };
		8CBBC75218E966C8002438CF /* Default~iphone.png */ = {isa = PBXFileReference; lastKnownFileType = image.png; path = "Default~iphone.png"; sourceTree = "<group>"; };
		8CBBC75318E966C8002438CF /* Icon-72.png */ = {isa = PBXFileReference; lastKnownFileType = image.png; path = "Icon-72.png"; sourceTree = "<group>"; };
		8CBBC75418E966C8002438CF /* Icon-72@2x.png */ = {isa = PBXFileReference; lastKnownFileType = image.png; path = "Icon-72@2x.png"; sourceTree = "<group>"; };
		8CBBC75518E966C8002438CF /* Icon.png */ = {isa = PBXFileReference; lastKnownFileType = image.png; path = Icon.png; sourceTree = "<group>"; };
		8CBBC75618E966C8002438CF /* Icon@2x.png */ = {isa = PBXFileReference; lastKnownFileType = image.png; path = "Icon@2x.png"; sourceTree = "<group>"; };
		BB16EBD10F2B2A9500518274 /* OpenGLES.framework */ = {isa = PBXFileReference; lastKnownFileType = wrapper.framework; name = OpenGLES.framework; path = System/Library/Frameworks/OpenGLES.framework; sourceTree = SDKROOT; };
		BB16EBD80F2B2AB500518274 /* QuartzCore.framework */ = {isa = PBXFileReference; lastKnownFileType = wrapper.framework; name = QuartzCore.framework; path = System/Library/Frameworks/QuartzCore.framework; sourceTree = SDKROOT; };
		BB24DDC910DA781C00E9C588 /* ofxiOS-Info.plist */ = {isa = PBXFileReference; fileEncoding = 4; lastKnownFileType = text.plist.xml; path = "ofxiOS-Info.plist"; sourceTree = "<group>"; };
		BBE5EAB70F49AD8400F28951 /* AudioToolbox.framework */ = {isa = PBXFileReference; lastKnownFileType = wrapper.framework; name = AudioToolbox.framework; path = System/Library/Frameworks/AudioToolbox.framework; sourceTree = SDKROOT; };
		E41D3ED613B38FB500A75A5D /* Project.xcconfig */ = {isa = PBXFileReference; fileEncoding = 4; lastKnownFileType = text.xcconfig; path = Project.xcconfig; sourceTree = "<group>"; };
		E41D3EE513B3906D00A75A5D /* CoreOF.xcconfig */ = {isa = PBXFileReference; fileEncoding = 4; lastKnownFileType = text.xcconfig; name = CoreOF.xcconfig; path = ../../../libs/openFrameworksCompiled/project/ios/CoreOF.xcconfig; sourceTree = SOURCE_ROOT; };
		E41D400613B39D2100A75A5D /* AVFoundation.framework */ = {isa = PBXFileReference; lastKnownFileType = wrapper.framework; name = AVFoundation.framework; path = System/Library/Frameworks/AVFoundation.framework; sourceTree = SDKROOT; };
		E41D400713B39D2100A75A5D /* CoreMedia.framework */ = {isa = PBXFileReference; lastKnownFileType = wrapper.framework; name = CoreMedia.framework; path = System/Library/Frameworks/CoreMedia.framework; sourceTree = SDKROOT; };
		E41D400813B39D2100A75A5D /* CoreVideo.framework */ = {isa = PBXFileReference; lastKnownFileType = wrapper.framework; name = CoreVideo.framework; path = System/Library/Frameworks/CoreVideo.framework; sourceTree = SDKROOT; };
		E41D400913B39D2100A75A5D /* MapKit.framework */ = {isa = PBXFileReference; lastKnownFileType = wrapper.framework; name = MapKit.framework; path = System/Library/Frameworks/MapKit.framework; sourceTree = SDKROOT; };
		E41D40FD13B3A0D800A75A5D /* iOS+OFLib.xcodeproj */ = {isa = PBXFileReference; lastKnownFileType = "wrapper.pb-project"; name = "iOS+OFLib.xcodeproj"; path = "../../../libs/openFrameworksCompiled/project/ios/iOS+OFLib.xcodeproj"; sourceTree = SOURCE_ROOT; };
		E4A823A312561BE3002F86A2 /* CoreGraphics.framework */ = {isa = PBXFileReference; lastKnownFileType = wrapper.framework; name = CoreGraphics.framework; path = System/Library/Frameworks/CoreGraphics.framework; sourceTree = SDKROOT; };
		E4D8936B11527B74007E1F53 /* main.mm */ = {isa = PBXFileReference; fileEncoding = 4; lastKnownFileType = sourcecode.cpp.objcpp; name = main.mm; path = src/main.mm; sourceTree = SOURCE_ROOT; };
		E4D8936C11527B74007E1F53 /* testApp.h */ = {isa = PBXFileReference; fileEncoding = 4; lastKnownFileType = sourcecode.c.h; name = testApp.h; path = src/testApp.h; sourceTree = SOURCE_ROOT; };
		E4D8936D11527B74007E1F53 /* testApp.mm */ = {isa = PBXFileReference; fileEncoding = 4; lastKnownFileType = sourcecode.cpp.objcpp; name = testApp.mm; path = src/testApp.mm; sourceTree = SOURCE_ROOT; };
/* End PBXFileReference section */

/* Begin PBXFrameworksBuildPhase section */
		1D60588F0D05DD3D006BFB54 /* Frameworks */ = {
			isa = PBXFrameworksBuildPhase;
			buildActionMask = 2147483647;
			files = (
				E41D421413B3A95300A75A5D /* libofxiOS_iphoneos_Debug.a in Frameworks */,
				1D60589F0D05DD5A006BFB54 /* Foundation.framework in Frameworks */,
				1DF5F4E00D08C38300B7A737 /* UIKit.framework in Frameworks */,
				288765FD0DF74451002DB57D /* CoreGraphics.framework in Frameworks */,
				BB16EBD20F2B2A9500518274 /* OpenGLES.framework in Frameworks */,
				BB16EBD90F2B2AB500518274 /* QuartzCore.framework in Frameworks */,
				BBE5EAB80F49AD8400F28951 /* AudioToolbox.framework in Frameworks */,
				53F323EB10A20EDB00E0DAE4 /* OpenAL.framework in Frameworks */,
				5326AEA810A23A0500278DE6 /* CoreLocation.framework in Frameworks */,
				E4A823A412561BE3002F86A2 /* CoreGraphics.framework in Frameworks */,
				E41D400B13B39D2100A75A5D /* AVFoundation.framework in Frameworks */,
				E41D400C13B39D2100A75A5D /* CoreMedia.framework in Frameworks */,
				E41D400D13B39D2100A75A5D /* CoreVideo.framework in Frameworks */,
				E41D400E13B39D2100A75A5D /* MapKit.framework in Frameworks */,
			);
			runOnlyForDeploymentPostprocessing = 0;
		};
/* End PBXFrameworksBuildPhase section */

/* Begin PBXGroup section */
		19C28FACFE9D520D11CA2CBB /* Products */ = {
			isa = PBXGroup;
			children = (
				1D6058910D05DD3D006BFB54 /* emptyExample.app */,
			);
			name = Products;
			sourceTree = "<group>";
		};
		29B97314FDCFA39411CA2CEA /* CustomTemplate */ = {
			isa = PBXGroup;
			children = (
				8CBBC74A18E966C8002438CF /* data */,
				678E130917951536005B6D19 /* Icon.png */,
				678E130717951530005B6D19 /* Icon@2x.png */,
				678E130B1795153C005B6D19 /* Default.png */,
				678E130D17951540005B6D19 /* Default@2x.png */,
				678E130F17951549005B6D19 /* Default-568h@2x~iphone.png */,
				E4D8936A11527B74007E1F53 /* src */,
				BB24E1F710DAA51900E9C588 /* openFrameworks */,
				BB16F26B0F2B646B00518274 /* addons */,
				BB16E9930F2B1E5900518274 /* libs */,
				19C28FACFE9D520D11CA2CBB /* Products */,
			);
			name = CustomTemplate;
			sourceTree = "<group>";
		};
		29B97323FDCFA39411CA2CEA /* core frameworks */ = {
			isa = PBXGroup;
			children = (
				E41D400613B39D2100A75A5D /* AVFoundation.framework */,
				E41D400713B39D2100A75A5D /* CoreMedia.framework */,
				E41D400813B39D2100A75A5D /* CoreVideo.framework */,
				E41D400913B39D2100A75A5D /* MapKit.framework */,
				53F323EA10A20EDB00E0DAE4 /* OpenAL.framework */,
				E4A823A312561BE3002F86A2 /* CoreGraphics.framework */,
				BBE5EAB70F49AD8400F28951 /* AudioToolbox.framework */,
				BB16EBD80F2B2AB500518274 /* QuartzCore.framework */,
				BB16EBD10F2B2A9500518274 /* OpenGLES.framework */,
				1DF5F4DF0D08C38300B7A737 /* UIKit.framework */,
				1D30AB110D05D00D00671497 /* Foundation.framework */,
				288765FC0DF74451002DB57D /* CoreGraphics.framework */,
				5326AEA710A23A0500278DE6 /* CoreLocation.framework */,
			);
			name = "core frameworks";
			sourceTree = "<group>";
		};
		8C68AA0218FD515100C83C56 /* ofxGui */ = {
			isa = PBXGroup;
			children = (
				8C68AA0318FD515100C83C56 /* src */,
			);
			path = ofxGui;
			sourceTree = "<group>";
		};
		8C68AA0318FD515100C83C56 /* src */ = {
			isa = PBXGroup;
			children = (
				8C68AA0418FD515100C83C56 /* ofxBaseGui.cpp */,
				8C68AA0518FD515100C83C56 /* ofxBaseGui.h */,
				8C68AA0618FD515100C83C56 /* ofxButton.cpp */,
				8C68AA0718FD515100C83C56 /* ofxButton.h */,
				8C68AA0818FD515100C83C56 /* ofxGui.h */,
				8C68AA0918FD515100C83C56 /* ofxGuiGroup.cpp */,
				8C68AA0A18FD515100C83C56 /* ofxGuiGroup.h */,
				8C68AA0B18FD515100C83C56 /* ofxLabel.cpp */,
				8C68AA0C18FD515100C83C56 /* ofxLabel.h */,
				8C68AA0D18FD515100C83C56 /* ofxPanel.cpp */,
				8C68AA0E18FD515100C83C56 /* ofxPanel.h */,
				8C68AA0F18FD515100C83C56 /* ofxSlider.cpp */,
				8C68AA1018FD515100C83C56 /* ofxSlider.h */,
				8C68AA1118FD515100C83C56 /* ofxSliderGroup.cpp */,
				8C68AA1218FD515100C83C56 /* ofxSliderGroup.h */,
				8C68AA1318FD515100C83C56 /* ofxToggle.cpp */,
				8C68AA1418FD515100C83C56 /* ofxToggle.h */,
			);
			path = src;
			sourceTree = "<group>";
		};
		8CB5B0EB1907768800CE3E5D /* GLOBAL */ = {
			isa = PBXGroup;
			children = (
				8CB5B0EC1907768800CE3E5D /* back_button.png */,
			);
			path = GLOBAL;
			sourceTree = "<group>";
		};
		8CB5B0ED1907768800CE3E5D /* SAVE_PAGE */ = {
			isa = PBXGroup;
			children = (
				8CB5B0EE1907768800CE3E5D /* camera_button.png */,
				8CB5B0EF1907768800CE3E5D /* save_button.png */,
				8CB5B0F01907768800CE3E5D /* thumb_button.png */,
			);
			path = SAVE_PAGE;
			sourceTree = "<group>";
		};
		8CB5B0F11907768800CE3E5D /* SHOOT_PAGE */ = {
			isa = PBXGroup;
			children = (
				8CB5B10A1907E68000CE3E5D /* camera_button_2.png */,
				8CB5B0F21907768800CE3E5D /* camera_bar.png */,
				8CB5B0F31907768800CE3E5D /* camera_button.png */,
				8CB5B0F41907768800CE3E5D /* mix_button.png */,
			);
			path = SHOOT_PAGE;
			sourceTree = "<group>";
		};
		8CB5B0F51907768800CE3E5D /* VIEW_CHECK_PAGE */ = {
			isa = PBXGroup;
			children = (
				8CB5B0F61907768800CE3E5D /* filter_off_button.png */,
				8CB5B0F71907768800CE3E5D /* filter_on_button.png */,
				8CB5B0F81907768800CE3E5D /* save_button.png */,
			);
			path = VIEW_CHECK_PAGE;
			sourceTree = "<group>";
		};
		8CB5B1031907952700CE3E5D /* LOGO_PAGE */ = {
			isa = PBXGroup;
			children = (
				8CB5B1041907952700CE3E5D /* library_bar.png */,
				8CB5B1051907952700CE3E5D /* make_bar.png */,
				8CB5B1061907952700CE3E5D /* mixcan_logo.png */,
			);
			path = LOGO_PAGE;
			sourceTree = "<group>";
		};
		8CBBC74A18E966C8002438CF /* data */ = {
			isa = PBXGroup;
			children = (
				8CBBC74B18E966C8002438CF /* .gitkeep */,
				8CBBC74C18E966C8002438CF /* Default-568h@2x~iphone.png */,
				8CBBC74D18E966C8002438CF /* Default.png */,
				8CBBC74E18E966C8002438CF /* Default@2x.png */,
				8CBBC74F18E966C8002438CF /* Default@2x~ipad.png */,
				8CBBC75018E966C8002438CF /* Default@2x~iphone.png */,
				8CBBC75118E966C8002438CF /* Default~ipad.png */,
				8CBBC75218E966C8002438CF /* Default~iphone.png */,
				8CBBC75318E966C8002438CF /* Icon-72.png */,
				8CBBC75418E966C8002438CF /* Icon-72@2x.png */,
				8CBBC75518E966C8002438CF /* Icon.png */,
				8CBBC75618E966C8002438CF /* Icon@2x.png */,
				8CBBC75718E966C8002438CF /* img */,
			);
			name = data;
			path = bin/data;
			sourceTree = "<group>";
		};
		8CBBC75718E966C8002438CF /* img */ = {
			isa = PBXGroup;
			children = (
				8CB5B113190A35D100CE3E5D /* 2014-04-13 17.31.24.jpg */,
				8CB5B1031907952700CE3E5D /* LOGO_PAGE */,
				8CB5B0EB1907768800CE3E5D /* GLOBAL */,
				8CB5B0ED1907768800CE3E5D /* SAVE_PAGE */,
				8CB5B0F11907768800CE3E5D /* SHOOT_PAGE */,
				8CB5B0F51907768800CE3E5D /* VIEW_CHECK_PAGE */,
				8C57D9BD18FD266E0025E3EB /* shoot01.png */,
				8C57D9BE18FD266E0025E3EB /* shoot02.png */,
				8C57D9BF18FD266E0025E3EB /* shoot03.png */,
				8C57D9C018FD266E0025E3EB /* shoot04.png */,
			);
			path = img;
			sourceTree = "<group>";
		};
		BB16E9930F2B1E5900518274 /* libs */ = {
			isa = PBXGroup;
			children = (
				BBE5E94E0F497BD800F28951 /* core */,
			);
			name = libs;
			sourceTree = "<group>";
		};
		BB16F26B0F2B646B00518274 /* addons */ = {
			isa = PBXGroup;
			children = (
				8C68AA0218FD515100C83C56 /* ofxGui */,
			);
			name = addons;
			sourceTree = "<group>";
		};
		BB24E1F710DAA51900E9C588 /* openFrameworks */ = {
			isa = PBXGroup;
			children = (
				E41D40FD13B3A0D800A75A5D /* iOS+OFLib.xcodeproj */,
				32CA4F630368D1EE00C91783 /* ofxiOS_Prefix.pch */,
				BB24DDC910DA781C00E9C588 /* ofxiOS-Info.plist */,
				E41D3EE513B3906D00A75A5D /* CoreOF.xcconfig */,
				E41D3ED613B38FB500A75A5D /* Project.xcconfig */,
			);
			name = openFrameworks;
			sourceTree = "<group>";
		};
		BBE5E94E0F497BD800F28951 /* core */ = {
			isa = PBXGroup;
			children = (
				29B97323FDCFA39411CA2CEA /* core frameworks */,
			);
			name = core;
			sourceTree = "<group>";
		};
		E41D40FE13B3A0D800A75A5D /* Products */ = {
			isa = PBXGroup;
			children = (
				E41D410213B3A0D800A75A5D /* libofxiOS_iphoneos_Debug.a */,
			);
			name = Products;
			sourceTree = "<group>";
		};
		E4D8936A11527B74007E1F53 /* src */ = {
			isa = PBXGroup;
			children = (
				8CB5B0E01900E98100CE3E5D /* Globals.h */,
				E4D8936B11527B74007E1F53 /* main.mm */,
				E4D8936D11527B74007E1F53 /* testApp.mm */,
				E4D8936C11527B74007E1F53 /* testApp.h */,
				8CB5B110190A08D600CE3E5D /* PostInstagram.h */,
				8CB5B111190A08D600CE3E5D /* PostInstagram.mm */,
				8C561907190FF2810021C9EC /* SaveUIImage.h */,
				8C561908190FF2810021C9EC /* SaveUIImage.mm */,
			);
			path = src;
			sourceTree = SOURCE_ROOT;
		};
/* End PBXGroup section */

/* Begin PBXNativeTarget section */
		1D6058900D05DD3D006BFB54 /* emptyExample */ = {
			isa = PBXNativeTarget;
			buildConfigurationList = 1D6058960D05DD3E006BFB54 /* Build configuration list for PBXNativeTarget "emptyExample" */;
			buildPhases = (
				1D60588D0D05DD3D006BFB54 /* Resources */,
				1D60588E0D05DD3D006BFB54 /* Sources */,
				1D60588F0D05DD3D006BFB54 /* Frameworks */,
				9255DD331112741900D6945E /* ShellScript */,
			);
			buildRules = (
			);
			dependencies = (
				E41D410413B3A11300A75A5D /* PBXTargetDependency */,
			);
			name = emptyExample;
			productName = iPhone;
			productReference = 1D6058910D05DD3D006BFB54 /* emptyExample.app */;
			productType = "com.apple.product-type.application";
		};
/* End PBXNativeTarget section */

/* Begin PBXProject section */
		29B97313FDCFA39411CA2CEA /* Project object */ = {
			isa = PBXProject;
			attributes = {
				LastUpgradeCheck = 0460;
			};
			buildConfigurationList = C01FCF4E08A954540054247B /* Build configuration list for PBXProject "emptyExample" */;
			compatibilityVersion = "Xcode 3.2";
			developmentRegion = English;
			hasScannedForEncodings = 1;
			knownRegions = (
				English,
				Japanese,
				French,
				German,
			);
			mainGroup = 29B97314FDCFA39411CA2CEA /* CustomTemplate */;
			projectDirPath = "";
			projectReferences = (
				{
					ProductGroup = E41D40FE13B3A0D800A75A5D /* Products */;
					ProjectRef = E41D40FD13B3A0D800A75A5D /* iOS+OFLib.xcodeproj */;
				},
			);
			projectRoot = "";
			targets = (
				1D6058900D05DD3D006BFB54 /* emptyExample */,
			);
		};
/* End PBXProject section */

/* Begin PBXReferenceProxy section */
		E41D410213B3A0D800A75A5D /* libofxiOS_iphoneos_Debug.a */ = {
			isa = PBXReferenceProxy;
			fileType = archive.ar;
			path = libofxiOS_iphoneos_Debug.a;
			remoteRef = E41D410113B3A0D800A75A5D /* PBXContainerItemProxy */;
			sourceTree = BUILT_PRODUCTS_DIR;
		};
/* End PBXReferenceProxy section */

/* Begin PBXResourcesBuildPhase section */
		1D60588D0D05DD3D006BFB54 /* Resources */ = {
			isa = PBXResourcesBuildPhase;
			buildActionMask = 2147483647;
			files = (
				E41D3ED713B38FB500A75A5D /* Project.xcconfig in Resources */,
				E41D3EE613B3906D00A75A5D /* CoreOF.xcconfig in Resources */,
				678E130817951530005B6D19 /* Icon@2x.png in Resources */,
				678E130A17951536005B6D19 /* Icon.png in Resources */,
				8CB5B1011907768800CE3E5D /* filter_on_button.png in Resources */,
				8CB5B0FF1907768800CE3E5D /* mix_button.png in Resources */,
				8CB5B1091907952700CE3E5D /* mixcan_logo.png in Resources */,
				8CB5B1001907768800CE3E5D /* filter_off_button.png in Resources */,
				8CB5B1081907952700CE3E5D /* make_bar.png in Resources */,
				8CB5B0FA1907768800CE3E5D /* camera_button.png in Resources */,
				678E130C1795153C005B6D19 /* Default.png in Resources */,
				8CB5B114190A35D100CE3E5D /* 2014-04-13 17.31.24.jpg in Resources */,
				8CB5B1071907952700CE3E5D /* library_bar.png in Resources */,
				8CB5B0FD1907768800CE3E5D /* camera_bar.png in Resources */,
				8CB5B0FB1907768800CE3E5D /* save_button.png in Resources */,
				8C57D9C418FD266E0025E3EB /* shoot04.png in Resources */,
				678E130E17951540005B6D19 /* Default@2x.png in Resources */,
				678E131017951549005B6D19 /* Default-568h@2x~iphone.png in Resources */,
				8CBBC75B18E966C8002438CF /* .gitkeep in Resources */,
				8C57D9C218FD266E0025E3EB /* shoot02.png in Resources */,
				8CBBC75C18E966C8002438CF /* Default-568h@2x~iphone.png in Resources */,
				8CB5B0FC1907768800CE3E5D /* thumb_button.png in Resources */,
				8CBBC75D18E966C8002438CF /* Default.png in Resources */,
				8CBBC75E18E966C8002438CF /* Default@2x.png in Resources */,
				8CBBC75F18E966C8002438CF /* Default@2x~ipad.png in Resources */,
				8CB5B0F91907768800CE3E5D /* back_button.png in Resources */,
				8CB5B10B1907E68000CE3E5D /* camera_button_2.png in Resources */,
				8CBBC76018E966C8002438CF /* Default@2x~iphone.png in Resources */,
				8CBBC76118E966C8002438CF /* Default~ipad.png in Resources */,
				8CBBC76218E966C8002438CF /* Default~iphone.png in Resources */,
				8C57D9C318FD266E0025E3EB /* shoot03.png in Resources */,
				8CB5B0FE1907768800CE3E5D /* camera_button.png in Resources */,
				8CBBC76318E966C8002438CF /* Icon-72.png in Resources */,
				8C57D9C118FD266E0025E3EB /* shoot01.png in Resources */,
				8CB5B1021907768800CE3E5D /* save_button.png in Resources */,
				8CBBC76418E966C8002438CF /* Icon-72@2x.png in Resources */,
				8CBBC76518E966C8002438CF /* Icon.png in Resources */,
				8CBBC76618E966C8002438CF /* Icon@2x.png in Resources */,
			);
			runOnlyForDeploymentPostprocessing = 0;
		};
/* End PBXResourcesBuildPhase section */

/* Begin PBXShellScriptBuildPhase section */
		9255DD331112741900D6945E /* ShellScript */ = {
			isa = PBXShellScriptBuildPhase;
			buildActionMask = 2147483647;
			files = (
			);
			inputPaths = (
			);
			outputPaths = (
			);
			runOnlyForDeploymentPostprocessing = 0;
			shellPath = /bin/sh;
			shellScript = "cp -rf bin/data/ \"$TARGET_BUILD_DIR/$PRODUCT_NAME.app\"\n";
		};
/* End PBXShellScriptBuildPhase section */

/* Begin PBXSourcesBuildPhase section */
		1D60588E0D05DD3D006BFB54 /* Sources */ = {
			isa = PBXSourcesBuildPhase;
			buildActionMask = 2147483647;
			files = (
				8C68AA1818FD515100C83C56 /* ofxLabel.cpp in Sources */,
				8CB5B112190A08D600CE3E5D /* PostInstagram.mm in Sources */,
				E4D8936E11527B74007E1F53 /* main.mm in Sources */,
				8C68AA1518FD515100C83C56 /* ofxBaseGui.cpp in Sources */,
				8C561909190FF2810021C9EC /* SaveUIImage.mm in Sources */,
				E4D8936F11527B74007E1F53 /* testApp.mm in Sources */,
				8C68AA1918FD515100C83C56 /* ofxPanel.cpp in Sources */,
				8C68AA1618FD515100C83C56 /* ofxButton.cpp in Sources */,
				8C68AA1A18FD515100C83C56 /* ofxSlider.cpp in Sources */,
				8C68AA1C18FD515100C83C56 /* ofxToggle.cpp in Sources */,
				8C68AA1B18FD515100C83C56 /* ofxSliderGroup.cpp in Sources */,
				8C68AA1718FD515100C83C56 /* ofxGuiGroup.cpp in Sources */,
			);
			runOnlyForDeploymentPostprocessing = 0;
		};
/* End PBXSourcesBuildPhase section */

/* Begin PBXTargetDependency section */
		E41D410413B3A11300A75A5D /* PBXTargetDependency */ = {
			isa = PBXTargetDependency;
			name = "iPhone+OF Static Library";
			targetProxy = E41D410313B3A11300A75A5D /* PBXContainerItemProxy */;
		};
/* End PBXTargetDependency section */

/* Begin XCBuildConfiguration section */
		1D6058940D05DD3E006BFB54 /* Debug */ = {
			isa = XCBuildConfiguration;
			buildSettings = {
				ALWAYS_SEARCH_USER_PATHS = NO;
				GCC_PRECOMPILE_PREFIX_HEADER = YES;
				GCC_PREFIX_HEADER = ofxiOS_Prefix.pch;
				INFOPLIST_FILE = "ofxiOS-Info.plist";
				IPHONEOS_DEPLOYMENT_TARGET = 4.3;
				PRODUCT_NAME = "${TARGET_NAME}";
				TARGETED_DEVICE_FAMILY = 1;
				VALID_ARCHS = "armv6 armv7";
			};
			name = Debug;
		};
		1D6058950D05DD3E006BFB54 /* Release */ = {
			isa = XCBuildConfiguration;
			buildSettings = {
				GCC_PRECOMPILE_PREFIX_HEADER = YES;
				GCC_PREFIX_HEADER = ofxiOS_Prefix.pch;
				INFOPLIST_FILE = "ofxiOS-Info.plist";
				IPHONEOS_DEPLOYMENT_TARGET = 4.3;
				PRODUCT_NAME = "${TARGET_NAME}";
				TARGETED_DEVICE_FAMILY = 1;
				VALID_ARCHS = "armv6 armv7";
			};
			name = Release;
		};
		C01FCF4F08A954540054247B /* Debug */ = {
			isa = XCBuildConfiguration;
			baseConfigurationReference = E41D3ED613B38FB500A75A5D /* Project.xcconfig */;
			buildSettings = {
				ALWAYS_SEARCH_USER_PATHS = YES;
				ARCHS = "$(ARCHS_STANDARD_32_BIT)";
				CODE_SIGN_IDENTITY = "";
				"CODE_SIGN_IDENTITY[sdk=iphoneos*]" = "iPhone Developer";
				COMPRESS_PNG_FILES = NO;
				GCC_C_LANGUAGE_STANDARD = c99;
				GCC_OPTIMIZATION_LEVEL = 0;
				GCC_SYMBOLS_PRIVATE_EXTERN = NO;
				GCC_WARN_ABOUT_INVALID_OFFSETOF_MACRO = NO;
				GCC_WARN_ABOUT_POINTER_SIGNEDNESS = NO;
				GCC_WARN_ABOUT_RETURN_TYPE = YES;
				GCC_WARN_ALLOW_INCOMPLETE_PROTOCOL = NO;
				GCC_WARN_PROTOTYPE_CONVERSION = NO;
				GCC_WARN_UNUSED_VARIABLE = YES;
				HEADER_SEARCH_PATHS = (
					"$(OF_CORE_HEADERS)",
					src,
				);
				IPHONEOS_DEPLOYMENT_TARGET = 3.1;
				ONLY_ACTIVE_ARCH = NO;
				"PROVISIONING_PROFILE[sdk=iphoneos*]" = "";
				SDKROOT = iphoneos;
				TARGETED_DEVICE_FAMILY = 1;
				WARNING_LDFLAGS = "-no_arch_warnings";
			};
			name = Debug;
		};
		C01FCF5008A954540054247B /* Release */ = {
			isa = XCBuildConfiguration;
			baseConfigurationReference = E41D3ED613B38FB500A75A5D /* Project.xcconfig */;
			buildSettings = {
				ALWAYS_SEARCH_USER_PATHS = YES;
				ARCHS = "$(ARCHS_STANDARD_32_BIT)";
				CODE_SIGN_IDENTITY = "";
				"CODE_SIGN_IDENTITY[sdk=iphoneos*]" = "iPhone Developer";
				COMPRESS_PNG_FILES = NO;
				GCC_C_LANGUAGE_STANDARD = c99;
				GCC_DYNAMIC_NO_PIC = YES;
				GCC_GENERATE_DEBUGGING_SYMBOLS = NO;
				GCC_OPTIMIZATION_LEVEL = 3;
				GCC_SYMBOLS_PRIVATE_EXTERN = NO;
				GCC_THUMB_SUPPORT = NO;
				GCC_WARN_ABOUT_RETURN_TYPE = YES;
				GCC_WARN_UNUSED_VARIABLE = YES;
				HEADER_SEARCH_PATHS = (
					"$(OF_CORE_HEADERS)",
					src,
				);
				IPHONEOS_DEPLOYMENT_TARGET = 3.1;
				ONLY_ACTIVE_ARCH = NO;
				SDKROOT = iphoneos;
				TARGETED_DEVICE_FAMILY = 1;
				WARNING_LDFLAGS = "-no_arch_warnings";
			};
			name = Release;
		};
/* End XCBuildConfiguration section */

/* Begin XCConfigurationList section */
		1D6058960D05DD3E006BFB54 /* Build configuration list for PBXNativeTarget "emptyExample" */ = {
			isa = XCConfigurationList;
			buildConfigurations = (
				1D6058940D05DD3E006BFB54 /* Debug */,
				1D6058950D05DD3E006BFB54 /* Release */,
			);
			defaultConfigurationIsVisible = 0;
			defaultConfigurationName = Release;
		};
		C01FCF4E08A954540054247B /* Build configuration list for PBXProject "emptyExample" */ = {
			isa = XCConfigurationList;
			buildConfigurations = (
				C01FCF4F08A954540054247B /* Debug */,
				C01FCF5008A954540054247B /* Release */,
			);
			defaultConfigurationIsVisible = 0;
			defaultConfigurationName = Release;
		};
/* End XCConfigurationList section */
	};
	rootObject = 29B97313FDCFA39411CA2CEA /* Project object */;
}
